
Microsoft Visual Studio Solution File, Format Version 12.00
# Visual Studio Version 17
VisualStudioVersion = 17.7.34003.232
MinimumVisualStudioVersion = 10.0.40219.1
Project("{9A19103F-16F7-4668-BE54-9A1E7A4F7556}") = "GameStore.Application", "GameStore.Application\GameStore.Application.csproj", "{DFD991BD-3E06-47DD-80BE-A9A2600FAD07}"
EndProject
Project("{9A19103F-16F7-4668-BE54-9A1E7A4F7556}") = "GameStore.Infrastructure", "GameStore.Infrastructure\GameStore.Infrastructure.csproj", "{00403819-8065-44EB-89F3-2AF2AF1E480A}"
EndProject
Project("{2150E333-8FDC-42A3-9474-1A3956D46DE8}") = "Tests", "Tests", "{3D2D1966-586D-4E39-B31F-106FB8C39AB6}"
EndProject
Project("{9A19103F-16F7-4668-BE54-9A1E7A4F7556}") = "GameStore.Application.Tests", "Tests\GameStore.Application.Tests\GameStore.Application.Tests.csproj", "{EEEC1954-86D5-4F16-8696-DCCA03E743F6}"
EndProject
Project("{FAE04EC0-301F-11D3-BF4B-00C04F79EFBC}") = "GameStore.Web", "GameStore.Web\GameStore.Web.csproj", "{E88C8240-8442-4C32-8EAC-113C711D3E75}"
EndProject
Global
	GlobalSection(SolutionConfigurationPlatforms) = preSolution
		Debug|Any CPU = Debug|Any CPU
		Release|Any CPU = Release|Any CPU
	EndGlobalSection
	GlobalSection(ProjectConfigurationPlatforms) = postSolution
		{DFD991BD-3E06-47DD-80BE-A9A2600FAD07}.Debug|Any CPU.ActiveCfg = Debug|Any CPU
		{DFD991BD-3E06-47DD-80BE-A9A2600FAD07}.Debug|Any CPU.Build.0 = Debug|Any CPU
		{DFD991BD-3E06-47DD-80BE-A9A2600FAD07}.Release|Any CPU.ActiveCfg = Release|Any CPU
		{DFD991BD-3E06-47DD-80BE-A9A2600FAD07}.Release|Any CPU.Build.0 = Release|Any CPU
		{00403819-8065-44EB-89F3-2AF2AF1E480A}.Debug|Any CPU.ActiveCfg = Debug|Any CPU
		{00403819-8065-44EB-89F3-2AF2AF1E480A}.Debug|Any CPU.Build.0 = Debug|Any CPU
		{00403819-8065-44EB-89F3-2AF2AF1E480A}.Release|Any CPU.ActiveCfg = Release|Any CPU
		{00403819-8065-44EB-89F3-2AF2AF1E480A}.Release|Any CPU.Build.0 = Release|Any CPU
		{EEEC1954-86D5-4F16-8696-DCCA03E743F6}.Debug|Any CPU.ActiveCfg = Debug|Any CPU
		{EEEC1954-86D5-4F16-8696-DCCA03E743F6}.Debug|Any CPU.Build.0 = Debug|Any CPU
		{EEEC1954-86D5-4F16-8696-DCCA03E743F6}.Release|Any CPU.ActiveCfg = Release|Any CPU
		{EEEC1954-86D5-4F16-8696-DCCA03E743F6}.Release|Any CPU.Build.0 = Release|Any CPU
		{E88C8240-8442-4C32-8EAC-113C711D3E75}.Debug|Any CPU.ActiveCfg = Debug|Any CPU
		{E88C8240-8442-4C32-8EAC-113C711D3E75}.Debug|Any CPU.Build.0 = Debug|Any CPU
		{E88C8240-8442-4C32-8EAC-113C711D3E75}.Release|Any CPU.ActiveCfg = Release|Any CPU
		{E88C8240-8442-4C32-8EAC-113C711D3E75}.Release|Any CPU.Build.0 = Release|Any CPU
	EndGlobalSection
	GlobalSection(SolutionProperties) = preSolution
		HideSolutionNode = FALSE
	EndGlobalSection
	GlobalSection(NestedProjects) = preSolution
		{EEEC1954-86D5-4F16-8696-DCCA03E743F6} = {3D2D1966-586D-4E39-B31F-106FB8C39AB6}
	EndGlobalSection
	GlobalSection(ExtensibilityGlobals) = postSolution
		SolutionGuid = {F471D2E5-2874-4A85-94F9-B51760FC4934}
	EndGlobalSection
EndGlobal
